
Microsoft Visual Studio Solution File, Format Version 12.00
# Visual Studio Version 17
VisualStudioVersion = 17.7.34031.279
MinimumVisualStudioVersion = 10.0.40219.1
Project("{778DAE3C-4631-46EA-AA77-85C1314464D9}") = "HolaMundo_VB_WindowsForms", "HolaMundo_VB_WindowsForms\HolaMundo_VB_WindowsForms.vbproj", "{EA2D4558-5CC2-46E8-89F5-5671E5E0885A}"
EndProject
Project("{9A19103F-16F7-4668-BE54-9A1E7A4F7556}") = "HolaMundo_WPF_CSharp", "HolaMundo_WPF_C#\HolaMundo_WPF_CSharp.csproj", "{BB44DF67-93EC-4600-B931-D36D70ED0B66}"
EndProject
Project("{FAE04EC0-301F-11D3-BF4B-00C04F79EFBC}") = "HolaMundo_UWP_CSharp", "HolaMundo_UWP_C#\HolaMundo_UWP_CSharp.csproj", "{F0F09183-3095-4D26-A531-681A600DD4AC}"
EndProject
Project("{9A19103F-16F7-4668-BE54-9A1E7A4F7556}") = "Libreria.NetComun", "Libreria.NetComun\Libreria.NetComun.csproj", "{C3208C33-2C4C-4EEB-BEFB-9CB2379440EF}"
EndProject
Project("{FAE04EC0-301F-11D3-BF4B-00C04F79EFBC}") = "BibliotecaClasesUWP", "BibliotecaClasesUWP\BibliotecaClasesUWP.csproj", "{F85BDDE7-F6D0-4EA8-8726-5E66291F1C45}"
EndProject
Global
	GlobalSection(SolutionConfigurationPlatforms) = preSolution
		Debug|Any CPU = Debug|Any CPU
		Debug|ARM = Debug|ARM
		Debug|ARM64 = Debug|ARM64
		Debug|x64 = Debug|x64
		Debug|x86 = Debug|x86
		Release|Any CPU = Release|Any CPU
		Release|ARM = Release|ARM
		Release|ARM64 = Release|ARM64
		Release|x64 = Release|x64
		Release|x86 = Release|x86
	EndGlobalSection
	GlobalSection(ProjectConfigurationPlatforms) = postSolution
		{EA2D4558-5CC2-46E8-89F5-5671E5E0885A}.Debug|Any CPU.ActiveCfg = Debug|Any CPU
		{EA2D4558-5CC2-46E8-89F5-5671E5E0885A}.Debug|Any CPU.Build.0 = Debug|Any CPU
		{EA2D4558-5CC2-46E8-89F5-5671E5E0885A}.Debug|ARM.ActiveCfg = Debug|Any CPU
		{EA2D4558-5CC2-46E8-89F5-5671E5E0885A}.Debug|ARM.Build.0 = Debug|Any CPU
		{EA2D4558-5CC2-46E8-89F5-5671E5E0885A}.Debug|ARM64.ActiveCfg = Debug|Any CPU
		{EA2D4558-5CC2-46E8-89F5-5671E5E0885A}.Debug|ARM64.Build.0 = Debug|Any CPU
		{EA2D4558-5CC2-46E8-89F5-5671E5E0885A}.Debug|x64.ActiveCfg = Debug|Any CPU
		{EA2D4558-5CC2-46E8-89F5-5671E5E0885A}.Debug|x64.Build.0 = Debug|Any CPU
		{EA2D4558-5CC2-46E8-89F5-5671E5E0885A}.Debug|x86.ActiveCfg = Debug|Any CPU
		{EA2D4558-5CC2-46E8-89F5-5671E5E0885A}.Debug|x86.Build.0 = Debug|Any CPU
		{EA2D4558-5CC2-46E8-89F5-5671E5E0885A}.Release|Any CPU.ActiveCfg = Release|Any CPU
		{EA2D4558-5CC2-46E8-89F5-5671E5E0885A}.Release|Any CPU.Build.0 = Release|Any CPU
		{EA2D4558-5CC2-46E8-89F5-5671E5E0885A}.Release|ARM.ActiveCfg = Release|Any CPU
		{EA2D4558-5CC2-46E8-89F5-5671E5E0885A}.Release|ARM.Build.0 = Release|Any CPU
		{EA2D4558-5CC2-46E8-89F5-5671E5E0885A}.Release|ARM64.ActiveCfg = Release|Any CPU
		{EA2D4558-5CC2-46E8-89F5-5671E5E0885A}.Release|ARM64.Build.0 = Release|Any CPU
		{EA2D4558-5CC2-46E8-89F5-5671E5E0885A}.Release|x64.ActiveCfg = Release|Any CPU
		{EA2D4558-5CC2-46E8-89F5-5671E5E0885A}.Release|x64.Build.0 = Release|Any CPU
		{EA2D4558-5CC2-46E8-89F5-5671E5E0885A}.Release|x86.ActiveCfg = Release|Any CPU
		{EA2D4558-5CC2-46E8-89F5-5671E5E0885A}.Release|x86.Build.0 = Release|Any CPU
		{BB44DF67-93EC-4600-B931-D36D70ED0B66}.Debug|Any CPU.ActiveCfg = Debug|Any CPU
		{BB44DF67-93EC-4600-B931-D36D70ED0B66}.Debug|Any CPU.Build.0 = Debug|Any CPU
		{BB44DF67-93EC-4600-B931-D36D70ED0B66}.Debug|ARM.ActiveCfg = Debug|Any CPU
		{BB44DF67-93EC-4600-B931-D36D70ED0B66}.Debug|ARM.Build.0 = Debug|Any CPU
		{BB44DF67-93EC-4600-B931-D36D70ED0B66}.Debug|ARM64.ActiveCfg = Debug|Any CPU
		{BB44DF67-93EC-4600-B931-D36D70ED0B66}.Debug|ARM64.Build.0 = Debug|Any CPU
		{BB44DF67-93EC-4600-B931-D36D70ED0B66}.Debug|x64.ActiveCfg = Debug|Any CPU
		{BB44DF67-93EC-4600-B931-D36D70ED0B66}.Debug|x64.Build.0 = Debug|Any CPU
		{BB44DF67-93EC-4600-B931-D36D70ED0B66}.Debug|x86.ActiveCfg = Debug|Any CPU
		{BB44DF67-93EC-4600-B931-D36D70ED0B66}.Debug|x86.Build.0 = Debug|Any CPU
		{BB44DF67-93EC-4600-B931-D36D70ED0B66}.Release|Any CPU.ActiveCfg = Release|Any CPU
		{BB44DF67-93EC-4600-B931-D36D70ED0B66}.Release|Any CPU.Build.0 = Release|Any CPU
		{BB44DF67-93EC-4600-B931-D36D70ED0B66}.Release|ARM.ActiveCfg = Release|Any CPU
		{BB44DF67-93EC-4600-B931-D36D70ED0B66}.Release|ARM.Build.0 = Release|Any CPU
		{BB44DF67-93EC-4600-B931-D36D70ED0B66}.Release|ARM64.ActiveCfg = Release|Any CPU
		{BB44DF67-93EC-4600-B931-D36D70ED0B66}.Release|ARM64.Build.0 = Release|Any CPU
		{BB44DF67-93EC-4600-B931-D36D70ED0B66}.Release|x64.ActiveCfg = Release|Any CPU
		{BB44DF67-93EC-4600-B931-D36D70ED0B66}.Release|x64.Build.0 = Release|Any CPU
		{BB44DF67-93EC-4600-B931-D36D70ED0B66}.Release|x86.ActiveCfg = Release|Any CPU
		{BB44DF67-93EC-4600-B931-D36D70ED0B66}.Release|x86.Build.0 = Release|Any CPU
		{F0F09183-3095-4D26-A531-681A600DD4AC}.Debug|Any CPU.ActiveCfg = Debug|x64
		{F0F09183-3095-4D26-A531-681A600DD4AC}.Debug|Any CPU.Build.0 = Debug|x64
		{F0F09183-3095-4D26-A531-681A600DD4AC}.Debug|Any CPU.Deploy.0 = Debug|x64
		{F0F09183-3095-4D26-A531-681A600DD4AC}.Debug|ARM.ActiveCfg = Debug|ARM
		{F0F09183-3095-4D26-A531-681A600DD4AC}.Debug|ARM.Build.0 = Debug|ARM
		{F0F09183-3095-4D26-A531-681A600DD4AC}.Debug|ARM.Deploy.0 = Debug|ARM
		{F0F09183-3095-4D26-A531-681A600DD4AC}.Debug|ARM64.ActiveCfg = Debug|ARM64
		{F0F09183-3095-4D26-A531-681A600DD4AC}.Debug|ARM64.Build.0 = Debug|ARM64
		{F0F09183-3095-4D26-A531-681A600DD4AC}.Debug|ARM64.Deploy.0 = Debug|ARM64
		{F0F09183-3095-4D26-A531-681A600DD4AC}.Debug|x64.ActiveCfg = Debug|x64
		{F0F09183-3095-4D26-A531-681A600DD4AC}.Debug|x64.Build.0 = Debug|x64
		{F0F09183-3095-4D26-A531-681A600DD4AC}.Debug|x64.Deploy.0 = Debug|x64
		{F0F09183-3095-4D26-A531-681A600DD4AC}.Debug|x86.ActiveCfg = Debug|x86
		{F0F09183-3095-4D26-A531-681A600DD4AC}.Debug|x86.Build.0 = Debug|x86
		{F0F09183-3095-4D26-A531-681A600DD4AC}.Debug|x86.Deploy.0 = Debug|x86
		{F0F09183-3095-4D26-A531-681A600DD4AC}.Release|Any CPU.ActiveCfg = Release|x64
		{F0F09183-3095-4D26-A531-681A600DD4AC}.Release|Any CPU.Build.0 = Release|x64
		{F0F09183-3095-4D26-A531-681A600DD4AC}.Release|Any CPU.Deploy.0 = Release|x64
		{F0F09183-3095-4D26-A531-681A600DD4AC}.Release|ARM.ActiveCfg = Release|ARM
		{F0F09183-3095-4D26-A531-681A600DD4AC}.Release|ARM.Build.0 = Release|ARM
		{F0F09183-3095-4D26-A531-681A600DD4AC}.Release|ARM.Deploy.0 = Release|ARM
		{F0F09183-3095-4D26-A531-681A600DD4AC}.Release|ARM64.ActiveCfg = Release|ARM64
		{F0F09183-3095-4D26-A531-681A600DD4AC}.Release|ARM64.Build.0 = Release|ARM64
		{F0F09183-3095-4D26-A531-681A600DD4AC}.Release|ARM64.Deploy.0 = Release|ARM64
		{F0F09183-3095-4D26-A531-681A600DD4AC}.Release|x64.ActiveCfg = Release|x64
		{F0F09183-3095-4D26-A531-681A600DD4AC}.Release|x64.Build.0 = Release|x64
		{F0F09183-3095-4D26-A531-681A600DD4AC}.Release|x64.Deploy.0 = Release|x64
		{F0F09183-3095-4D26-A531-681A600DD4AC}.Release|x86.ActiveCfg = Release|x86
		{F0F09183-3095-4D26-A531-681A600DD4AC}.Release|x86.Build.0 = Release|x86
		{F0F09183-3095-4D26-A531-681A600DD4AC}.Release|x86.Deploy.0 = Release|x86
		{C3208C33-2C4C-4EEB-BEFB-9CB2379440EF}.Debug|Any CPU.ActiveCfg = Debug|Any CPU
		{C3208C33-2C4C-4EEB-BEFB-9CB2379440EF}.Debug|Any CPU.Build.0 = Debug|Any CPU
		{C3208C33-2C4C-4EEB-BEFB-9CB2379440EF}.Debug|ARM.ActiveCfg = Debug|Any CPU
		{C3208C33-2C4C-4EEB-BEFB-9CB2379440EF}.Debug|ARM.Build.0 = Debug|Any CPU
		{C3208C33-2C4C-4EEB-BEFB-9CB2379440EF}.Debug|ARM64.ActiveCfg = Debug|Any CPU
		{C3208C33-2C4C-4EEB-BEFB-9CB2379440EF}.Debug|ARM64.Build.0 = Debug|Any CPU
		{C3208C33-2C4C-4EEB-BEFB-9CB2379440EF}.Debug|x64.ActiveCfg = Debug|Any CPU
		{C3208C33-2C4C-4EEB-BEFB-9CB2379440EF}.Debug|x64.Build.0 = Debug|Any CPU
		{C3208C33-2C4C-4EEB-BEFB-9CB2379440EF}.Debug|x86.ActiveCfg = Debug|Any CPU
		{C3208C33-2C4C-4EEB-BEFB-9CB2379440EF}.Debug|x86.Build.0 = Debug|Any CPU
		{C3208C33-2C4C-4EEB-BEFB-9CB2379440EF}.Release|Any CPU.ActiveCfg = Release|Any CPU
		{C3208C33-2C4C-4EEB-BEFB-9CB2379440EF}.Release|Any CPU.Build.0 = Release|Any CPU
		{C3208C33-2C4C-4EEB-BEFB-9CB2379440EF}.Release|ARM.ActiveCfg = Release|Any CPU
		{C3208C33-2C4C-4EEB-BEFB-9CB2379440EF}.Release|ARM.Build.0 = Release|Any CPU
		{C3208C33-2C4C-4EEB-BEFB-9CB2379440EF}.Release|ARM64.ActiveCfg = Release|Any CPU
		{C3208C33-2C4C-4EEB-BEFB-9CB2379440EF}.Release|ARM64.Build.0 = Release|Any CPU
		{C3208C33-2C4C-4EEB-BEFB-9CB2379440EF}.Release|x64.ActiveCfg = Release|Any CPU
		{C3208C33-2C4C-4EEB-BEFB-9CB2379440EF}.Release|x64.Build.0 = Release|Any CPU
		{C3208C33-2C4C-4EEB-BEFB-9CB2379440EF}.Release|x86.ActiveCfg = Release|Any CPU
		{C3208C33-2C4C-4EEB-BEFB-9CB2379440EF}.Release|x86.Build.0 = Release|Any CPU
		{F85BDDE7-F6D0-4EA8-8726-5E66291F1C45}.Debug|Any CPU.ActiveCfg = Debug|Any CPU
		{F85BDDE7-F6D0-4EA8-8726-5E66291F1C45}.Debug|Any CPU.Build.0 = Debug|Any CPU
		{F85BDDE7-F6D0-4EA8-8726-5E66291F1C45}.Debug|ARM.ActiveCfg = Debug|ARM
		{F85BDDE7-F6D0-4EA8-8726-5E66291F1C45}.Debug|ARM.Build.0 = Debug|ARM
		{F85BDDE7-F6D0-4EA8-8726-5E66291F1C45}.Debug|ARM64.ActiveCfg = Debug|ARM64
		{F85BDDE7-F6D0-4EA8-8726-5E66291F1C45}.Debug|ARM64.Build.0 = Debug|ARM64
		{F85BDDE7-F6D0-4EA8-8726-5E66291F1C45}.Debug|x64.ActiveCfg = Debug|x64
		{F85BDDE7-F6D0-4EA8-8726-5E66291F1C45}.Debug|x64.Build.0 = Debug|x64
		{F85BDDE7-F6D0-4EA8-8726-5E66291F1C45}.Debug|x86.ActiveCfg = Debug|x86
		{F85BDDE7-F6D0-4EA8-8726-5E66291F1C45}.Debug|x86.Build.0 = Debug|x86
		{F85BDDE7-F6D0-4EA8-8726-5E66291F1C45}.Release|Any CPU.ActiveCfg = Release|Any CPU
		{F85BDDE7-F6D0-4EA8-8726-5E66291F1C45}.Release|Any CPU.Build.0 = Release|Any CPU
		{F85BDDE7-F6D0-4EA8-8726-5E66291F1C45}.Release|ARM.ActiveCfg = Release|ARM
		{F85BDDE7-F6D0-4EA8-8726-5E66291F1C45}.Release|ARM.Build.0 = Release|ARM
		{F85BDDE7-F6D0-4EA8-8726-5E66291F1C45}.Release|ARM64.ActiveCfg = Release|ARM64
		{F85BDDE7-F6D0-4EA8-8726-5E66291F1C45}.Release|ARM64.Build.0 = Release|ARM64
		{F85BDDE7-F6D0-4EA8-8726-5E66291F1C45}.Release|x64.ActiveCfg = Release|x64
		{F85BDDE7-F6D0-4EA8-8726-5E66291F1C45}.Release|x64.Build.0 = Release|x64
		{F85BDDE7-F6D0-4EA8-8726-5E66291F1C45}.Release|x86.ActiveCfg = Release|x86
		{F85BDDE7-F6D0-4EA8-8726-5E66291F1C45}.Release|x86.Build.0 = Release|x86
	EndGlobalSection
	GlobalSection(SolutionProperties) = preSolution
		HideSolutionNode = FALSE
	EndGlobalSection
	GlobalSection(ExtensibilityGlobals) = postSolution
		SolutionGuid = {3F3F0AB7-F721-42DB-A382-D6A677128B38}
	EndGlobalSection
EndGlobal
