
Microsoft Visual Studio Solution File, Format Version 12.00
# Visual Studio Version 17
VisualStudioVersion = 17.7.34031.279
MinimumVisualStudioVersion = 10.0.40219.1
Project("{FAE04EC0-301F-11D3-BF4B-00C04F79EFBC}") = "EjerciciosUd6", "EjerciciosUd6\EjerciciosUd6.csproj", "{6BAF77A5-B2D3-41E9-9502-F101128547FE}"
EndProject
Global
	GlobalSection(SolutionConfigurationPlatforms) = preSolution
		Debug|Any CPU = Debug|Any CPU
		Release|Any CPU = Release|Any CPU
	EndGlobalSection
	GlobalSection(ProjectConfigurationPlatforms) = postSolution
		{6BAF77A5-B2D3-41E9-9502-F101128547FE}.Debug|Any CPU.ActiveCfg = Debug|Any CPU
		{6BAF77A5-B2D3-41E9-9502-F101128547FE}.Debug|Any CPU.Build.0 = Debug|Any CPU
		{6BAF77A5-B2D3-41E9-9502-F101128547FE}.Debug|Any CPU.Deploy.0 = Debug|Any CPU
		{6BAF77A5-B2D3-41E9-9502-F101128547FE}.Release|Any CPU.ActiveCfg = Release|Any CPU
		{6BAF77A5-B2D3-41E9-9502-F101128547FE}.Release|Any CPU.Build.0 = Release|Any CPU
		{6BAF77A5-B2D3-41E9-9502-F101128547FE}.Release|Any CPU.Deploy.0 = Release|Any CPU
	EndGlobalSection
	GlobalSection(SolutionProperties) = preSolution
		HideSolutionNode = FALSE
	EndGlobalSection
	GlobalSection(ExtensibilityGlobals) = postSolution
		SolutionGuid = {F7956BD8-1D66-4208-8BB7-982C9377DBD2}
	EndGlobalSection
EndGlobal
