
Microsoft Visual Studio Solution File, Format Version 12.00
# Visual Studio Version 17
VisualStudioVersion = 17.7.34031.279
MinimumVisualStudioVersion = 10.0.40219.1
Project("{9A19103F-16F7-4668-BE54-9A1E7A4F7556}") = "HolaMundo_Maui", "HolaMundo_Maui\HolaMundo_Maui.csproj", "{CF8B3588-E0D3-4CC2-91C3-1C044FAC5538}"
EndProject
Project("{9A19103F-16F7-4668-BE54-9A1E7A4F7556}") = "BIbliotecaClases", "BIbliotecaClases\BIbliotecaClases.csproj", "{8066B1F3-A0F0-4AD7-B5E0-00D17DF757C9}"
EndProject
Project("{9A19103F-16F7-4668-BE54-9A1E7A4F7556}") = "ControlsViews", "ControlsViews\ControlsViews.csproj", "{C828EABE-1BE7-4064-906B-86D9234BB21F}"
EndProject
Project("{FAE04EC0-301F-11D3-BF4B-00C04F79EFBC}") = "Binding", "Binding\Binding.csproj", "{CF3C4C99-86DC-4147-96DE-56DE7CE04261}"
EndProject
Global
	GlobalSection(SolutionConfigurationPlatforms) = preSolution
		Debug|Any CPU = Debug|Any CPU
		Release|Any CPU = Release|Any CPU
	EndGlobalSection
	GlobalSection(ProjectConfigurationPlatforms) = postSolution
		{CF8B3588-E0D3-4CC2-91C3-1C044FAC5538}.Debug|Any CPU.ActiveCfg = Debug|Any CPU
		{CF8B3588-E0D3-4CC2-91C3-1C044FAC5538}.Debug|Any CPU.Build.0 = Debug|Any CPU
		{CF8B3588-E0D3-4CC2-91C3-1C044FAC5538}.Debug|Any CPU.Deploy.0 = Debug|Any CPU
		{CF8B3588-E0D3-4CC2-91C3-1C044FAC5538}.Release|Any CPU.ActiveCfg = Release|Any CPU
		{CF8B3588-E0D3-4CC2-91C3-1C044FAC5538}.Release|Any CPU.Build.0 = Release|Any CPU
		{CF8B3588-E0D3-4CC2-91C3-1C044FAC5538}.Release|Any CPU.Deploy.0 = Release|Any CPU
		{8066B1F3-A0F0-4AD7-B5E0-00D17DF757C9}.Debug|Any CPU.ActiveCfg = Debug|Any CPU
		{8066B1F3-A0F0-4AD7-B5E0-00D17DF757C9}.Debug|Any CPU.Build.0 = Debug|Any CPU
		{8066B1F3-A0F0-4AD7-B5E0-00D17DF757C9}.Release|Any CPU.ActiveCfg = Release|Any CPU
		{8066B1F3-A0F0-4AD7-B5E0-00D17DF757C9}.Release|Any CPU.Build.0 = Release|Any CPU
		{C828EABE-1BE7-4064-906B-86D9234BB21F}.Debug|Any CPU.ActiveCfg = Debug|Any CPU
		{C828EABE-1BE7-4064-906B-86D9234BB21F}.Debug|Any CPU.Build.0 = Debug|Any CPU
		{C828EABE-1BE7-4064-906B-86D9234BB21F}.Debug|Any CPU.Deploy.0 = Debug|Any CPU
		{C828EABE-1BE7-4064-906B-86D9234BB21F}.Release|Any CPU.ActiveCfg = Release|Any CPU
		{C828EABE-1BE7-4064-906B-86D9234BB21F}.Release|Any CPU.Build.0 = Release|Any CPU
		{C828EABE-1BE7-4064-906B-86D9234BB21F}.Release|Any CPU.Deploy.0 = Release|Any CPU
		{CF3C4C99-86DC-4147-96DE-56DE7CE04261}.Debug|Any CPU.ActiveCfg = Debug|Any CPU
		{CF3C4C99-86DC-4147-96DE-56DE7CE04261}.Debug|Any CPU.Build.0 = Debug|Any CPU
		{CF3C4C99-86DC-4147-96DE-56DE7CE04261}.Debug|Any CPU.Deploy.0 = Debug|Any CPU
		{CF3C4C99-86DC-4147-96DE-56DE7CE04261}.Release|Any CPU.ActiveCfg = Release|Any CPU
		{CF3C4C99-86DC-4147-96DE-56DE7CE04261}.Release|Any CPU.Build.0 = Release|Any CPU
		{CF3C4C99-86DC-4147-96DE-56DE7CE04261}.Release|Any CPU.Deploy.0 = Release|Any CPU
	EndGlobalSection
	GlobalSection(SolutionProperties) = preSolution
		HideSolutionNode = FALSE
	EndGlobalSection
	GlobalSection(ExtensibilityGlobals) = postSolution
		SolutionGuid = {944F4D9E-0E4E-4E0B-BB2D-1C0DB0FCEBAD}
	EndGlobalSection
EndGlobal
